
Microsoft Visual Studio Solution File, Format Version 12.00
# Visual Studio Version 16
VisualStudioVersion = 16.0.30225.117
MinimumVisualStudioVersion = 10.0.40219.1
Project("{FAE04EC0-301F-11D3-BF4B-00C04F79EFBC}") = "DesafioInfectados", "DesafioInfectados\DesafioInfectados.csproj", "{81304539-FCD9-4EA4-AE85-50B7187055F6}"
EndProject
Global
	GlobalSection(SolutionConfigurationPlatforms) = preSolution
		Debug|Any CPU = Debug|Any CPU
		Release|Any CPU = Release|Any CPU
	EndGlobalSection
	GlobalSection(ProjectConfigurationPlatforms) = postSolution
		{81304539-FCD9-4EA4-AE85-50B7187055F6}.Debug|Any CPU.ActiveCfg = Debug|Any CPU
		{81304539-FCD9-4EA4-AE85-50B7187055F6}.Debug|Any CPU.Build.0 = Debug|Any CPU
		{81304539-FCD9-4EA4-AE85-50B7187055F6}.Release|Any CPU.ActiveCfg = Release|Any CPU
		{81304539-FCD9-4EA4-AE85-50B7187055F6}.Release|Any CPU.Build.0 = Release|Any CPU
	EndGlobalSection
	GlobalSection(SolutionProperties) = preSolution
		HideSolutionNode = FALSE
	EndGlobalSection
	GlobalSection(ExtensibilityGlobals) = postSolution
		SolutionGuid = {CB14B481-68CC-43E0-BCC9-B84819991857}
	EndGlobalSection
EndGlobal
